
Microsoft Visual Studio Solution File, Format Version 12.00
# Visual Studio Version 16
VisualStudioVersion = 16.0.29503.13
MinimumVisualStudioVersion = 10.0.40219.1
Project("{FAE04EC0-301F-11D3-BF4B-00C04F79EFBC}") = "Exercise 13", "Exercise 13.csproj", "{BF4D789D-48D0-45AB-A6B1-CC20F0196815}"
EndProject
Global
	GlobalSection(SolutionConfigurationPlatforms) = preSolution
		Debug|Any CPU = Debug|Any CPU
		Release|Any CPU = Release|Any CPU
	EndGlobalSection
	GlobalSection(ProjectConfigurationPlatforms) = postSolution
		{BF4D789D-48D0-45AB-A6B1-CC20F0196815}.Debug|Any CPU.ActiveCfg = Debug|Any CPU
		{BF4D789D-48D0-45AB-A6B1-CC20F0196815}.Debug|Any CPU.Build.0 = Debug|Any CPU
		{BF4D789D-48D0-45AB-A6B1-CC20F0196815}.Release|Any CPU.ActiveCfg = Release|Any CPU
		{BF4D789D-48D0-45AB-A6B1-CC20F0196815}.Release|Any CPU.Build.0 = Release|Any CPU
	EndGlobalSection
	GlobalSection(SolutionProperties) = preSolution
		HideSolutionNode = FALSE
	EndGlobalSection
	GlobalSection(ExtensibilityGlobals) = postSolution
		SolutionGuid = {0DF93582-1DBC-4A80-94D6-64CD5D1CA23F}
	EndGlobalSection
EndGlobal
