
Microsoft Visual Studio Solution File, Format Version 12.00
# Visual Studio Version 16
VisualStudioVersion = 16.0.29503.13
MinimumVisualStudioVersion = 10.0.40219.1
Project("{FAE04EC0-301F-11D3-BF4B-00C04F79EFBC}") = "Exercise 11", "Exercise 11.csproj", "{0C09B62C-20CB-4053-B5B6-4780784C1B96}"
EndProject
Global
	GlobalSection(SolutionConfigurationPlatforms) = preSolution
		Debug|Any CPU = Debug|Any CPU
		Release|Any CPU = Release|Any CPU
	EndGlobalSection
	GlobalSection(ProjectConfigurationPlatforms) = postSolution
		{0C09B62C-20CB-4053-B5B6-4780784C1B96}.Debug|Any CPU.ActiveCfg = Debug|Any CPU
		{0C09B62C-20CB-4053-B5B6-4780784C1B96}.Debug|Any CPU.Build.0 = Debug|Any CPU
		{0C09B62C-20CB-4053-B5B6-4780784C1B96}.Release|Any CPU.ActiveCfg = Release|Any CPU
		{0C09B62C-20CB-4053-B5B6-4780784C1B96}.Release|Any CPU.Build.0 = Release|Any CPU
	EndGlobalSection
	GlobalSection(SolutionProperties) = preSolution
		HideSolutionNode = FALSE
	EndGlobalSection
	GlobalSection(ExtensibilityGlobals) = postSolution
		SolutionGuid = {14DBBC14-59F3-4708-9C5A-652477247BD6}
	EndGlobalSection
EndGlobal
