
Microsoft Visual Studio Solution File, Format Version 12.00
# Visual Studio Version 16
VisualStudioVersion = 16.0.29503.13
MinimumVisualStudioVersion = 10.0.40219.1
Project("{FAE04EC0-301F-11D3-BF4B-00C04F79EFBC}") = "Exercise 7", "Exercise 7.csproj", "{3280889D-1991-4904-B63D-7488E4152531}"
EndProject
Global
	GlobalSection(SolutionConfigurationPlatforms) = preSolution
		Debug|Any CPU = Debug|Any CPU
		Release|Any CPU = Release|Any CPU
	EndGlobalSection
	GlobalSection(ProjectConfigurationPlatforms) = postSolution
		{3280889D-1991-4904-B63D-7488E4152531}.Debug|Any CPU.ActiveCfg = Debug|Any CPU
		{3280889D-1991-4904-B63D-7488E4152531}.Debug|Any CPU.Build.0 = Debug|Any CPU
		{3280889D-1991-4904-B63D-7488E4152531}.Release|Any CPU.ActiveCfg = Release|Any CPU
		{3280889D-1991-4904-B63D-7488E4152531}.Release|Any CPU.Build.0 = Release|Any CPU
	EndGlobalSection
	GlobalSection(SolutionProperties) = preSolution
		HideSolutionNode = FALSE
	EndGlobalSection
	GlobalSection(ExtensibilityGlobals) = postSolution
		SolutionGuid = {1F62B8B2-0ACC-4B78-9B1F-8CFC5DD4CDAA}
	EndGlobalSection
EndGlobal
