
Microsoft Visual Studio Solution File, Format Version 12.00
# Visual Studio Version 16
VisualStudioVersion = 16.0.29503.13
MinimumVisualStudioVersion = 10.0.40219.1
Project("{FAE04EC0-301F-11D3-BF4B-00C04F79EFBC}") = "Example 7", "Example 7.csproj", "{24FB0B64-D580-4F8B-89F9-F908DCA7A352}"
EndProject
Global
	GlobalSection(SolutionConfigurationPlatforms) = preSolution
		Debug|Any CPU = Debug|Any CPU
		Release|Any CPU = Release|Any CPU
	EndGlobalSection
	GlobalSection(ProjectConfigurationPlatforms) = postSolution
		{24FB0B64-D580-4F8B-89F9-F908DCA7A352}.Debug|Any CPU.ActiveCfg = Debug|Any CPU
		{24FB0B64-D580-4F8B-89F9-F908DCA7A352}.Debug|Any CPU.Build.0 = Debug|Any CPU
		{24FB0B64-D580-4F8B-89F9-F908DCA7A352}.Release|Any CPU.ActiveCfg = Release|Any CPU
		{24FB0B64-D580-4F8B-89F9-F908DCA7A352}.Release|Any CPU.Build.0 = Release|Any CPU
	EndGlobalSection
	GlobalSection(SolutionProperties) = preSolution
		HideSolutionNode = FALSE
	EndGlobalSection
	GlobalSection(ExtensibilityGlobals) = postSolution
		SolutionGuid = {4D619FE2-76DB-4F1A-ACD4-651EDCD0DFD1}
	EndGlobalSection
EndGlobal
