
Microsoft Visual Studio Solution File, Format Version 12.00
# Visual Studio Version 16
VisualStudioVersion = 16.0.29503.13
MinimumVisualStudioVersion = 10.0.40219.1
Project("{FAE04EC0-301F-11D3-BF4B-00C04F79EFBC}") = "Example 1", "Example 1.csproj", "{96B1C278-43D7-4429-9243-FF82DB286145}"
EndProject
Global
	GlobalSection(SolutionConfigurationPlatforms) = preSolution
		Debug|Any CPU = Debug|Any CPU
		Release|Any CPU = Release|Any CPU
	EndGlobalSection
	GlobalSection(ProjectConfigurationPlatforms) = postSolution
		{96B1C278-43D7-4429-9243-FF82DB286145}.Debug|Any CPU.ActiveCfg = Debug|Any CPU
		{96B1C278-43D7-4429-9243-FF82DB286145}.Debug|Any CPU.Build.0 = Debug|Any CPU
		{96B1C278-43D7-4429-9243-FF82DB286145}.Release|Any CPU.ActiveCfg = Release|Any CPU
		{96B1C278-43D7-4429-9243-FF82DB286145}.Release|Any CPU.Build.0 = Release|Any CPU
	EndGlobalSection
	GlobalSection(SolutionProperties) = preSolution
		HideSolutionNode = FALSE
	EndGlobalSection
	GlobalSection(ExtensibilityGlobals) = postSolution
		SolutionGuid = {596B1DA9-2C9D-44DE-BDC0-E2C6E0B21184}
	EndGlobalSection
EndGlobal
