
Microsoft Visual Studio Solution File, Format Version 12.00
# Visual Studio Version 16
VisualStudioVersion = 16.0.29503.13
MinimumVisualStudioVersion = 10.0.40219.1
Project("{FAE04EC0-301F-11D3-BF4B-00C04F79EFBC}") = "Example 3 - Standard Numeric Formats", "Example 3 - Standard Numeric Formats.csproj", "{B3C6421B-0824-41AC-913B-D18E94E8D0CE}"
EndProject
Global
	GlobalSection(SolutionConfigurationPlatforms) = preSolution
		Debug|Any CPU = Debug|Any CPU
		Release|Any CPU = Release|Any CPU
	EndGlobalSection
	GlobalSection(ProjectConfigurationPlatforms) = postSolution
		{B3C6421B-0824-41AC-913B-D18E94E8D0CE}.Debug|Any CPU.ActiveCfg = Debug|Any CPU
		{B3C6421B-0824-41AC-913B-D18E94E8D0CE}.Debug|Any CPU.Build.0 = Debug|Any CPU
		{B3C6421B-0824-41AC-913B-D18E94E8D0CE}.Release|Any CPU.ActiveCfg = Release|Any CPU
		{B3C6421B-0824-41AC-913B-D18E94E8D0CE}.Release|Any CPU.Build.0 = Release|Any CPU
	EndGlobalSection
	GlobalSection(SolutionProperties) = preSolution
		HideSolutionNode = FALSE
	EndGlobalSection
	GlobalSection(ExtensibilityGlobals) = postSolution
		SolutionGuid = {A2E8AC04-12B9-4FD9-9DF9-DD1DB0DB8C75}
	EndGlobalSection
EndGlobal
