
Microsoft Visual Studio Solution File, Format Version 12.00
# Visual Studio Version 16
VisualStudioVersion = 16.0.29503.13
MinimumVisualStudioVersion = 10.0.40219.1
Project("{FAE04EC0-301F-11D3-BF4B-00C04F79EFBC}") = "Example 5", "Example 5.csproj", "{5085E8DB-786F-4D2C-9665-5578D1499344}"
EndProject
Global
	GlobalSection(SolutionConfigurationPlatforms) = preSolution
		Debug|Any CPU = Debug|Any CPU
		Release|Any CPU = Release|Any CPU
	EndGlobalSection
	GlobalSection(ProjectConfigurationPlatforms) = postSolution
		{5085E8DB-786F-4D2C-9665-5578D1499344}.Debug|Any CPU.ActiveCfg = Debug|Any CPU
		{5085E8DB-786F-4D2C-9665-5578D1499344}.Debug|Any CPU.Build.0 = Debug|Any CPU
		{5085E8DB-786F-4D2C-9665-5578D1499344}.Release|Any CPU.ActiveCfg = Release|Any CPU
		{5085E8DB-786F-4D2C-9665-5578D1499344}.Release|Any CPU.Build.0 = Release|Any CPU
	EndGlobalSection
	GlobalSection(SolutionProperties) = preSolution
		HideSolutionNode = FALSE
	EndGlobalSection
	GlobalSection(ExtensibilityGlobals) = postSolution
		SolutionGuid = {48F1C5E5-C097-42E6-B25C-F2BDAAC97C4B}
	EndGlobalSection
EndGlobal
