
Microsoft Visual Studio Solution File, Format Version 12.00
# Visual Studio Version 16
VisualStudioVersion = 16.0.29418.71
MinimumVisualStudioVersion = 10.0.40219.1
Project("{FAE04EC0-301F-11D3-BF4B-00C04F79EFBC}") = "Example 6", "Example 6.csproj", "{281D2A0D-45E8-42C9-82B3-4D3E2A1920BC}"
EndProject
Global
	GlobalSection(SolutionConfigurationPlatforms) = preSolution
		Debug|Any CPU = Debug|Any CPU
		Release|Any CPU = Release|Any CPU
	EndGlobalSection
	GlobalSection(ProjectConfigurationPlatforms) = postSolution
		{281D2A0D-45E8-42C9-82B3-4D3E2A1920BC}.Debug|Any CPU.ActiveCfg = Debug|Any CPU
		{281D2A0D-45E8-42C9-82B3-4D3E2A1920BC}.Debug|Any CPU.Build.0 = Debug|Any CPU
		{281D2A0D-45E8-42C9-82B3-4D3E2A1920BC}.Release|Any CPU.ActiveCfg = Release|Any CPU
		{281D2A0D-45E8-42C9-82B3-4D3E2A1920BC}.Release|Any CPU.Build.0 = Release|Any CPU
	EndGlobalSection
	GlobalSection(SolutionProperties) = preSolution
		HideSolutionNode = FALSE
	EndGlobalSection
	GlobalSection(ExtensibilityGlobals) = postSolution
		SolutionGuid = {6A986009-5AB2-49DB-8061-1394584665A1}
	EndGlobalSection
EndGlobal
