
Microsoft Visual Studio Solution File, Format Version 12.00
# Visual Studio Version 16
VisualStudioVersion = 16.0.30517.126
MinimumVisualStudioVersion = 10.0.40219.1
Project("{FAE04EC0-301F-11D3-BF4B-00C04F79EFBC}") = "Exercise 7", "Exercise 7.csproj", "{6FEB321F-FD87-45C8-ADC0-E664E37FC941}"
EndProject
Global
	GlobalSection(SolutionConfigurationPlatforms) = preSolution
		Debug|Any CPU = Debug|Any CPU
		Release|Any CPU = Release|Any CPU
	EndGlobalSection
	GlobalSection(ProjectConfigurationPlatforms) = postSolution
		{6FEB321F-FD87-45C8-ADC0-E664E37FC941}.Debug|Any CPU.ActiveCfg = Debug|Any CPU
		{6FEB321F-FD87-45C8-ADC0-E664E37FC941}.Debug|Any CPU.Build.0 = Debug|Any CPU
		{6FEB321F-FD87-45C8-ADC0-E664E37FC941}.Release|Any CPU.ActiveCfg = Release|Any CPU
		{6FEB321F-FD87-45C8-ADC0-E664E37FC941}.Release|Any CPU.Build.0 = Release|Any CPU
	EndGlobalSection
	GlobalSection(SolutionProperties) = preSolution
		HideSolutionNode = FALSE
	EndGlobalSection
	GlobalSection(ExtensibilityGlobals) = postSolution
		SolutionGuid = {B3F4B5A7-A3B3-48FA-AB0C-AB7D9F20ED24}
	EndGlobalSection
EndGlobal
