
Microsoft Visual Studio Solution File, Format Version 12.00
# Visual Studio Version 16
VisualStudioVersion = 16.0.29503.13
MinimumVisualStudioVersion = 10.0.40219.1
Project("{FAE04EC0-301F-11D3-BF4B-00C04F79EFBC}") = "Example 7 - else if", "Example 7 - else if.csproj", "{FA0766D7-2759-4D88-9FD2-55AF16CFB06E}"
EndProject
Global
	GlobalSection(SolutionConfigurationPlatforms) = preSolution
		Debug|Any CPU = Debug|Any CPU
		Release|Any CPU = Release|Any CPU
	EndGlobalSection
	GlobalSection(ProjectConfigurationPlatforms) = postSolution
		{FA0766D7-2759-4D88-9FD2-55AF16CFB06E}.Debug|Any CPU.ActiveCfg = Debug|Any CPU
		{FA0766D7-2759-4D88-9FD2-55AF16CFB06E}.Debug|Any CPU.Build.0 = Debug|Any CPU
		{FA0766D7-2759-4D88-9FD2-55AF16CFB06E}.Release|Any CPU.ActiveCfg = Release|Any CPU
		{FA0766D7-2759-4D88-9FD2-55AF16CFB06E}.Release|Any CPU.Build.0 = Release|Any CPU
	EndGlobalSection
	GlobalSection(SolutionProperties) = preSolution
		HideSolutionNode = FALSE
	EndGlobalSection
	GlobalSection(ExtensibilityGlobals) = postSolution
		SolutionGuid = {A22785DE-61BD-4B50-ADE2-CDB3898F767E}
	EndGlobalSection
EndGlobal
