
Microsoft Visual Studio Solution File, Format Version 12.00
# Visual Studio Version 16
VisualStudioVersion = 16.0.30611.23
MinimumVisualStudioVersion = 10.0.40219.1
Project("{FAE04EC0-301F-11D3-BF4B-00C04F79EFBC}") = "Exercise 11", "Exercise 11.csproj", "{4A8EE281-0BDD-42E1-9733-C5800038737B}"
EndProject
Global
	GlobalSection(SolutionConfigurationPlatforms) = preSolution
		Debug|Any CPU = Debug|Any CPU
		Release|Any CPU = Release|Any CPU
	EndGlobalSection
	GlobalSection(ProjectConfigurationPlatforms) = postSolution
		{4A8EE281-0BDD-42E1-9733-C5800038737B}.Debug|Any CPU.ActiveCfg = Debug|Any CPU
		{4A8EE281-0BDD-42E1-9733-C5800038737B}.Debug|Any CPU.Build.0 = Debug|Any CPU
		{4A8EE281-0BDD-42E1-9733-C5800038737B}.Release|Any CPU.ActiveCfg = Release|Any CPU
		{4A8EE281-0BDD-42E1-9733-C5800038737B}.Release|Any CPU.Build.0 = Release|Any CPU
	EndGlobalSection
	GlobalSection(SolutionProperties) = preSolution
		HideSolutionNode = FALSE
	EndGlobalSection
	GlobalSection(ExtensibilityGlobals) = postSolution
		SolutionGuid = {48494951-7404-4CF5-BD32-9D497E6A9B72}
	EndGlobalSection
EndGlobal
