
Microsoft Visual Studio Solution File, Format Version 12.00
# Visual Studio Version 16
VisualStudioVersion = 16.0.30611.23
MinimumVisualStudioVersion = 10.0.40219.1
Project("{FAE04EC0-301F-11D3-BF4B-00C04F79EFBC}") = "Exercise 14", "Exercise 14.csproj", "{268450A0-F16A-4DEF-B2F0-7A21B6601FB3}"
EndProject
Global
	GlobalSection(SolutionConfigurationPlatforms) = preSolution
		Debug|Any CPU = Debug|Any CPU
		Release|Any CPU = Release|Any CPU
	EndGlobalSection
	GlobalSection(ProjectConfigurationPlatforms) = postSolution
		{268450A0-F16A-4DEF-B2F0-7A21B6601FB3}.Debug|Any CPU.ActiveCfg = Debug|Any CPU
		{268450A0-F16A-4DEF-B2F0-7A21B6601FB3}.Debug|Any CPU.Build.0 = Debug|Any CPU
		{268450A0-F16A-4DEF-B2F0-7A21B6601FB3}.Release|Any CPU.ActiveCfg = Release|Any CPU
		{268450A0-F16A-4DEF-B2F0-7A21B6601FB3}.Release|Any CPU.Build.0 = Release|Any CPU
	EndGlobalSection
	GlobalSection(SolutionProperties) = preSolution
		HideSolutionNode = FALSE
	EndGlobalSection
	GlobalSection(ExtensibilityGlobals) = postSolution
		SolutionGuid = {9A20831D-0BFC-40A1-A998-8FFA3B4013A1}
	EndGlobalSection
EndGlobal
