
Microsoft Visual Studio Solution File, Format Version 12.00
# Visual Studio Version 16
VisualStudioVersion = 16.0.29503.13
MinimumVisualStudioVersion = 10.0.40219.1
Project("{FAE04EC0-301F-11D3-BF4B-00C04F79EFBC}") = "Example 8", "Example 8.csproj", "{285C9BDA-12A8-46A4-80DD-E88D5010660E}"
EndProject
Global
	GlobalSection(SolutionConfigurationPlatforms) = preSolution
		Debug|Any CPU = Debug|Any CPU
		Release|Any CPU = Release|Any CPU
	EndGlobalSection
	GlobalSection(ProjectConfigurationPlatforms) = postSolution
		{285C9BDA-12A8-46A4-80DD-E88D5010660E}.Debug|Any CPU.ActiveCfg = Debug|Any CPU
		{285C9BDA-12A8-46A4-80DD-E88D5010660E}.Debug|Any CPU.Build.0 = Debug|Any CPU
		{285C9BDA-12A8-46A4-80DD-E88D5010660E}.Release|Any CPU.ActiveCfg = Release|Any CPU
		{285C9BDA-12A8-46A4-80DD-E88D5010660E}.Release|Any CPU.Build.0 = Release|Any CPU
	EndGlobalSection
	GlobalSection(SolutionProperties) = preSolution
		HideSolutionNode = FALSE
	EndGlobalSection
	GlobalSection(ExtensibilityGlobals) = postSolution
		SolutionGuid = {8616FDE9-D5A3-4E3A-91F3-CB1BA2B4CDB0}
	EndGlobalSection
EndGlobal
