
Microsoft Visual Studio Solution File, Format Version 12.00
# Visual Studio Version 16
VisualStudioVersion = 16.0.29418.71
MinimumVisualStudioVersion = 10.0.40219.1
Project("{FAE04EC0-301F-11D3-BF4B-00C04F79EFBC}") = "Example 3", "Example 3.csproj", "{7E30B3FF-0E6B-4186-BB97-DE6C22FDC57F}"
EndProject
Global
	GlobalSection(SolutionConfigurationPlatforms) = preSolution
		Debug|Any CPU = Debug|Any CPU
		Release|Any CPU = Release|Any CPU
	EndGlobalSection
	GlobalSection(ProjectConfigurationPlatforms) = postSolution
		{7E30B3FF-0E6B-4186-BB97-DE6C22FDC57F}.Debug|Any CPU.ActiveCfg = Debug|Any CPU
		{7E30B3FF-0E6B-4186-BB97-DE6C22FDC57F}.Debug|Any CPU.Build.0 = Debug|Any CPU
		{7E30B3FF-0E6B-4186-BB97-DE6C22FDC57F}.Release|Any CPU.ActiveCfg = Release|Any CPU
		{7E30B3FF-0E6B-4186-BB97-DE6C22FDC57F}.Release|Any CPU.Build.0 = Release|Any CPU
	EndGlobalSection
	GlobalSection(SolutionProperties) = preSolution
		HideSolutionNode = FALSE
	EndGlobalSection
	GlobalSection(ExtensibilityGlobals) = postSolution
		SolutionGuid = {5BEE170F-E626-4B3A-B06B-FC63428EF5B9}
	EndGlobalSection
EndGlobal
