
Microsoft Visual Studio Solution File, Format Version 12.00
# Visual Studio Version 16
VisualStudioVersion = 16.0.29418.71
MinimumVisualStudioVersion = 10.0.40219.1
Project("{FAE04EC0-301F-11D3-BF4B-00C04F79EFBC}") = "Example 4", "Example 4.csproj", "{1E2FE689-3D8F-4AD7-8534-E57869E48959}"
EndProject
Global
	GlobalSection(SolutionConfigurationPlatforms) = preSolution
		Debug|Any CPU = Debug|Any CPU
		Release|Any CPU = Release|Any CPU
	EndGlobalSection
	GlobalSection(ProjectConfigurationPlatforms) = postSolution
		{1E2FE689-3D8F-4AD7-8534-E57869E48959}.Debug|Any CPU.ActiveCfg = Debug|Any CPU
		{1E2FE689-3D8F-4AD7-8534-E57869E48959}.Debug|Any CPU.Build.0 = Debug|Any CPU
		{1E2FE689-3D8F-4AD7-8534-E57869E48959}.Release|Any CPU.ActiveCfg = Release|Any CPU
		{1E2FE689-3D8F-4AD7-8534-E57869E48959}.Release|Any CPU.Build.0 = Release|Any CPU
	EndGlobalSection
	GlobalSection(SolutionProperties) = preSolution
		HideSolutionNode = FALSE
	EndGlobalSection
	GlobalSection(ExtensibilityGlobals) = postSolution
		SolutionGuid = {43C81F37-2FC5-4EDB-9804-A7C723FEFD38}
	EndGlobalSection
EndGlobal
