
Microsoft Visual Studio Solution File, Format Version 12.00
# Visual Studio Version 16
VisualStudioVersion = 16.0.29503.13
MinimumVisualStudioVersion = 10.0.40219.1
Project("{FAE04EC0-301F-11D3-BF4B-00C04F79EFBC}") = "Exercise 11", "Exercise 11.csproj", "{8E099C9B-929F-42A1-825F-302EAA4DBD83}"
EndProject
Global
	GlobalSection(SolutionConfigurationPlatforms) = preSolution
		Debug|Any CPU = Debug|Any CPU
		Release|Any CPU = Release|Any CPU
	EndGlobalSection
	GlobalSection(ProjectConfigurationPlatforms) = postSolution
		{8E099C9B-929F-42A1-825F-302EAA4DBD83}.Debug|Any CPU.ActiveCfg = Debug|Any CPU
		{8E099C9B-929F-42A1-825F-302EAA4DBD83}.Debug|Any CPU.Build.0 = Debug|Any CPU
		{8E099C9B-929F-42A1-825F-302EAA4DBD83}.Release|Any CPU.ActiveCfg = Release|Any CPU
		{8E099C9B-929F-42A1-825F-302EAA4DBD83}.Release|Any CPU.Build.0 = Release|Any CPU
	EndGlobalSection
	GlobalSection(SolutionProperties) = preSolution
		HideSolutionNode = FALSE
	EndGlobalSection
	GlobalSection(ExtensibilityGlobals) = postSolution
		SolutionGuid = {4D38A8F5-684D-4218-8FF3-0D1CEAE3EBAC}
	EndGlobalSection
EndGlobal
