
Microsoft Visual Studio Solution File, Format Version 12.00
# Visual Studio Version 16
VisualStudioVersion = 16.0.29503.13
MinimumVisualStudioVersion = 10.0.40219.1
Project("{FAE04EC0-301F-11D3-BF4B-00C04F79EFBC}") = "Example 8", "Example 8.csproj", "{434267FC-7E5B-43C7-9493-4C9F5E2986C4}"
EndProject
Global
	GlobalSection(SolutionConfigurationPlatforms) = preSolution
		Debug|Any CPU = Debug|Any CPU
		Release|Any CPU = Release|Any CPU
	EndGlobalSection
	GlobalSection(ProjectConfigurationPlatforms) = postSolution
		{434267FC-7E5B-43C7-9493-4C9F5E2986C4}.Debug|Any CPU.ActiveCfg = Debug|Any CPU
		{434267FC-7E5B-43C7-9493-4C9F5E2986C4}.Debug|Any CPU.Build.0 = Debug|Any CPU
		{434267FC-7E5B-43C7-9493-4C9F5E2986C4}.Release|Any CPU.ActiveCfg = Release|Any CPU
		{434267FC-7E5B-43C7-9493-4C9F5E2986C4}.Release|Any CPU.Build.0 = Release|Any CPU
	EndGlobalSection
	GlobalSection(SolutionProperties) = preSolution
		HideSolutionNode = FALSE
	EndGlobalSection
	GlobalSection(ExtensibilityGlobals) = postSolution
		SolutionGuid = {8DAEF699-30A3-4A30-8CDA-AA3C1FB240DD}
	EndGlobalSection
EndGlobal
