
Microsoft Visual Studio Solution File, Format Version 12.00
# Visual Studio Version 16
VisualStudioVersion = 16.0.29503.13
MinimumVisualStudioVersion = 10.0.40219.1
Project("{FAE04EC0-301F-11D3-BF4B-00C04F79EFBC}") = "Example 1", "Example 1.csproj", "{915CB361-B3F8-4991-9B1B-475FAF6659CE}"
EndProject
Global
	GlobalSection(SolutionConfigurationPlatforms) = preSolution
		Debug|Any CPU = Debug|Any CPU
		Release|Any CPU = Release|Any CPU
	EndGlobalSection
	GlobalSection(ProjectConfigurationPlatforms) = postSolution
		{915CB361-B3F8-4991-9B1B-475FAF6659CE}.Debug|Any CPU.ActiveCfg = Debug|Any CPU
		{915CB361-B3F8-4991-9B1B-475FAF6659CE}.Debug|Any CPU.Build.0 = Debug|Any CPU
		{915CB361-B3F8-4991-9B1B-475FAF6659CE}.Release|Any CPU.ActiveCfg = Release|Any CPU
		{915CB361-B3F8-4991-9B1B-475FAF6659CE}.Release|Any CPU.Build.0 = Release|Any CPU
	EndGlobalSection
	GlobalSection(SolutionProperties) = preSolution
		HideSolutionNode = FALSE
	EndGlobalSection
	GlobalSection(ExtensibilityGlobals) = postSolution
		SolutionGuid = {73AD3D62-CC3C-4F17-9187-2CE778B9997A}
	EndGlobalSection
EndGlobal
