
Microsoft Visual Studio Solution File, Format Version 12.00
# Visual Studio Version 16
VisualStudioVersion = 16.0.29503.13
MinimumVisualStudioVersion = 10.0.40219.1
Project("{FAE04EC0-301F-11D3-BF4B-00C04F79EFBC}") = "Exercise 9", "Exercise 9.csproj", "{F2D7C963-BC06-4B0B-BAC0-40585AD45FC0}"
EndProject
Global
	GlobalSection(SolutionConfigurationPlatforms) = preSolution
		Debug|Any CPU = Debug|Any CPU
		Release|Any CPU = Release|Any CPU
	EndGlobalSection
	GlobalSection(ProjectConfigurationPlatforms) = postSolution
		{F2D7C963-BC06-4B0B-BAC0-40585AD45FC0}.Debug|Any CPU.ActiveCfg = Debug|Any CPU
		{F2D7C963-BC06-4B0B-BAC0-40585AD45FC0}.Debug|Any CPU.Build.0 = Debug|Any CPU
		{F2D7C963-BC06-4B0B-BAC0-40585AD45FC0}.Release|Any CPU.ActiveCfg = Release|Any CPU
		{F2D7C963-BC06-4B0B-BAC0-40585AD45FC0}.Release|Any CPU.Build.0 = Release|Any CPU
	EndGlobalSection
	GlobalSection(SolutionProperties) = preSolution
		HideSolutionNode = FALSE
	EndGlobalSection
	GlobalSection(ExtensibilityGlobals) = postSolution
		SolutionGuid = {AC260506-B9D0-45DF-9344-0872F1B1F848}
	EndGlobalSection
EndGlobal
