
Microsoft Visual Studio Solution File, Format Version 12.00
# Visual Studio Version 16
VisualStudioVersion = 16.0.30611.23
MinimumVisualStudioVersion = 10.0.40219.1
Project("{FAE04EC0-301F-11D3-BF4B-00C04F79EFBC}") = "Exercise 12", "Exercise 12.csproj", "{148BD0AB-33DF-475B-B4E7-FCAB66991B25}"
EndProject
Global
	GlobalSection(SolutionConfigurationPlatforms) = preSolution
		Debug|Any CPU = Debug|Any CPU
		Release|Any CPU = Release|Any CPU
	EndGlobalSection
	GlobalSection(ProjectConfigurationPlatforms) = postSolution
		{148BD0AB-33DF-475B-B4E7-FCAB66991B25}.Debug|Any CPU.ActiveCfg = Debug|Any CPU
		{148BD0AB-33DF-475B-B4E7-FCAB66991B25}.Debug|Any CPU.Build.0 = Debug|Any CPU
		{148BD0AB-33DF-475B-B4E7-FCAB66991B25}.Release|Any CPU.ActiveCfg = Release|Any CPU
		{148BD0AB-33DF-475B-B4E7-FCAB66991B25}.Release|Any CPU.Build.0 = Release|Any CPU
	EndGlobalSection
	GlobalSection(SolutionProperties) = preSolution
		HideSolutionNode = FALSE
	EndGlobalSection
	GlobalSection(ExtensibilityGlobals) = postSolution
		SolutionGuid = {53D665F2-B9CF-4747-8923-5FFE949FF52F}
	EndGlobalSection
EndGlobal
