
Microsoft Visual Studio Solution File, Format Version 12.00
# Visual Studio Version 16
VisualStudioVersion = 16.0.29503.13
MinimumVisualStudioVersion = 10.0.40219.1
Project("{FAE04EC0-301F-11D3-BF4B-00C04F79EFBC}") = "Exercise 11", "Exercise 11.csproj", "{CA59233B-6DD1-4941-AA62-EF0594DF9BBE}"
EndProject
Global
	GlobalSection(SolutionConfigurationPlatforms) = preSolution
		Debug|Any CPU = Debug|Any CPU
		Release|Any CPU = Release|Any CPU
	EndGlobalSection
	GlobalSection(ProjectConfigurationPlatforms) = postSolution
		{CA59233B-6DD1-4941-AA62-EF0594DF9BBE}.Debug|Any CPU.ActiveCfg = Debug|Any CPU
		{CA59233B-6DD1-4941-AA62-EF0594DF9BBE}.Debug|Any CPU.Build.0 = Debug|Any CPU
		{CA59233B-6DD1-4941-AA62-EF0594DF9BBE}.Release|Any CPU.ActiveCfg = Release|Any CPU
		{CA59233B-6DD1-4941-AA62-EF0594DF9BBE}.Release|Any CPU.Build.0 = Release|Any CPU
	EndGlobalSection
	GlobalSection(SolutionProperties) = preSolution
		HideSolutionNode = FALSE
	EndGlobalSection
	GlobalSection(ExtensibilityGlobals) = postSolution
		SolutionGuid = {4FAAF037-1E42-4099-856C-92BCABB2D91A}
	EndGlobalSection
EndGlobal
