
Microsoft Visual Studio Solution File, Format Version 12.00
# Visual Studio Version 16
VisualStudioVersion = 16.0.29503.13
MinimumVisualStudioVersion = 10.0.40219.1
Project("{FAE04EC0-301F-11D3-BF4B-00C04F79EFBC}") = "Exercise 6", "Exercise 6.csproj", "{42D9F4D4-C131-46C5-9FAF-9E4DDF434416}"
EndProject
Global
	GlobalSection(SolutionConfigurationPlatforms) = preSolution
		Debug|Any CPU = Debug|Any CPU
		Release|Any CPU = Release|Any CPU
	EndGlobalSection
	GlobalSection(ProjectConfigurationPlatforms) = postSolution
		{42D9F4D4-C131-46C5-9FAF-9E4DDF434416}.Debug|Any CPU.ActiveCfg = Debug|Any CPU
		{42D9F4D4-C131-46C5-9FAF-9E4DDF434416}.Debug|Any CPU.Build.0 = Debug|Any CPU
		{42D9F4D4-C131-46C5-9FAF-9E4DDF434416}.Release|Any CPU.ActiveCfg = Release|Any CPU
		{42D9F4D4-C131-46C5-9FAF-9E4DDF434416}.Release|Any CPU.Build.0 = Release|Any CPU
	EndGlobalSection
	GlobalSection(SolutionProperties) = preSolution
		HideSolutionNode = FALSE
	EndGlobalSection
	GlobalSection(ExtensibilityGlobals) = postSolution
		SolutionGuid = {2F345B15-CCE8-404D-A9BF-6523DB3E707C}
	EndGlobalSection
EndGlobal
