
Microsoft Visual Studio Solution File, Format Version 12.00
# Visual Studio Version 16
VisualStudioVersion = 16.0.29503.13
MinimumVisualStudioVersion = 10.0.40219.1
Project("{FAE04EC0-301F-11D3-BF4B-00C04F79EFBC}") = "Exercise 13", "Exercise 13.csproj", "{A7F8C7DF-F2CA-4195-B42A-0C6B92672058}"
EndProject
Global
	GlobalSection(SolutionConfigurationPlatforms) = preSolution
		Debug|Any CPU = Debug|Any CPU
		Release|Any CPU = Release|Any CPU
	EndGlobalSection
	GlobalSection(ProjectConfigurationPlatforms) = postSolution
		{A7F8C7DF-F2CA-4195-B42A-0C6B92672058}.Debug|Any CPU.ActiveCfg = Debug|Any CPU
		{A7F8C7DF-F2CA-4195-B42A-0C6B92672058}.Debug|Any CPU.Build.0 = Debug|Any CPU
		{A7F8C7DF-F2CA-4195-B42A-0C6B92672058}.Release|Any CPU.ActiveCfg = Release|Any CPU
		{A7F8C7DF-F2CA-4195-B42A-0C6B92672058}.Release|Any CPU.Build.0 = Release|Any CPU
	EndGlobalSection
	GlobalSection(SolutionProperties) = preSolution
		HideSolutionNode = FALSE
	EndGlobalSection
	GlobalSection(ExtensibilityGlobals) = postSolution
		SolutionGuid = {F6E78EBE-1756-489B-9D54-536D32F01E06}
	EndGlobalSection
EndGlobal
