
Microsoft Visual Studio Solution File, Format Version 12.00
# Visual Studio Version 16
VisualStudioVersion = 16.0.29503.13
MinimumVisualStudioVersion = 10.0.40219.1
Project("{FAE04EC0-301F-11D3-BF4B-00C04F79EFBC}") = "Example 10", "Example 10.csproj", "{9B57EE89-91E6-475D-AC11-3894A5084885}"
EndProject
Global
	GlobalSection(SolutionConfigurationPlatforms) = preSolution
		Debug|Any CPU = Debug|Any CPU
		Release|Any CPU = Release|Any CPU
	EndGlobalSection
	GlobalSection(ProjectConfigurationPlatforms) = postSolution
		{9B57EE89-91E6-475D-AC11-3894A5084885}.Debug|Any CPU.ActiveCfg = Debug|Any CPU
		{9B57EE89-91E6-475D-AC11-3894A5084885}.Debug|Any CPU.Build.0 = Debug|Any CPU
		{9B57EE89-91E6-475D-AC11-3894A5084885}.Release|Any CPU.ActiveCfg = Release|Any CPU
		{9B57EE89-91E6-475D-AC11-3894A5084885}.Release|Any CPU.Build.0 = Release|Any CPU
	EndGlobalSection
	GlobalSection(SolutionProperties) = preSolution
		HideSolutionNode = FALSE
	EndGlobalSection
	GlobalSection(ExtensibilityGlobals) = postSolution
		SolutionGuid = {ED5D7C62-E650-452B-BC14-BF8CE83A3D1C}
	EndGlobalSection
EndGlobal
