
Microsoft Visual Studio Solution File, Format Version 12.00
# Visual Studio Version 16
VisualStudioVersion = 16.0.29613.14
MinimumVisualStudioVersion = 10.0.40219.1
Project("{FAE04EC0-301F-11D3-BF4B-00C04F79EFBC}") = "Exercise 4", "Exercise 4.csproj", "{BDF4D899-CD22-4A55-ACD1-4AEC7B44FFDD}"
EndProject
Global
	GlobalSection(SolutionConfigurationPlatforms) = preSolution
		Debug|Any CPU = Debug|Any CPU
		Release|Any CPU = Release|Any CPU
	EndGlobalSection
	GlobalSection(ProjectConfigurationPlatforms) = postSolution
		{BDF4D899-CD22-4A55-ACD1-4AEC7B44FFDD}.Debug|Any CPU.ActiveCfg = Debug|Any CPU
		{BDF4D899-CD22-4A55-ACD1-4AEC7B44FFDD}.Debug|Any CPU.Build.0 = Debug|Any CPU
		{BDF4D899-CD22-4A55-ACD1-4AEC7B44FFDD}.Release|Any CPU.ActiveCfg = Release|Any CPU
		{BDF4D899-CD22-4A55-ACD1-4AEC7B44FFDD}.Release|Any CPU.Build.0 = Release|Any CPU
	EndGlobalSection
	GlobalSection(SolutionProperties) = preSolution
		HideSolutionNode = FALSE
	EndGlobalSection
	GlobalSection(ExtensibilityGlobals) = postSolution
		SolutionGuid = {9D097957-1B01-4FCE-84C9-D9E874EA009C}
	EndGlobalSection
EndGlobal
