
Microsoft Visual Studio Solution File, Format Version 12.00
# Visual Studio Version 16
VisualStudioVersion = 16.0.30517.126
MinimumVisualStudioVersion = 10.0.40219.1
Project("{FAE04EC0-301F-11D3-BF4B-00C04F79EFBC}") = "Exercise 8", "Exercise 8.csproj", "{A122B183-FCBD-40BB-937B-7929E78065AF}"
EndProject
Global
	GlobalSection(SolutionConfigurationPlatforms) = preSolution
		Debug|Any CPU = Debug|Any CPU
		Release|Any CPU = Release|Any CPU
	EndGlobalSection
	GlobalSection(ProjectConfigurationPlatforms) = postSolution
		{A122B183-FCBD-40BB-937B-7929E78065AF}.Debug|Any CPU.ActiveCfg = Debug|Any CPU
		{A122B183-FCBD-40BB-937B-7929E78065AF}.Debug|Any CPU.Build.0 = Debug|Any CPU
		{A122B183-FCBD-40BB-937B-7929E78065AF}.Release|Any CPU.ActiveCfg = Release|Any CPU
		{A122B183-FCBD-40BB-937B-7929E78065AF}.Release|Any CPU.Build.0 = Release|Any CPU
	EndGlobalSection
	GlobalSection(SolutionProperties) = preSolution
		HideSolutionNode = FALSE
	EndGlobalSection
	GlobalSection(ExtensibilityGlobals) = postSolution
		SolutionGuid = {74DFC922-0C5B-466D-B833-29C1038D41FF}
	EndGlobalSection
EndGlobal
