
Microsoft Visual Studio Solution File, Format Version 12.00
# Visual Studio Version 16
VisualStudioVersion = 16.0.29503.13
MinimumVisualStudioVersion = 10.0.40219.1
Project("{FAE04EC0-301F-11D3-BF4B-00C04F79EFBC}") = "Exercise 4", "Exercise 4.csproj", "{0C61B0BA-C09F-4321-A773-F12C84ECCF76}"
EndProject
Global
	GlobalSection(SolutionConfigurationPlatforms) = preSolution
		Debug|Any CPU = Debug|Any CPU
		Release|Any CPU = Release|Any CPU
	EndGlobalSection
	GlobalSection(ProjectConfigurationPlatforms) = postSolution
		{0C61B0BA-C09F-4321-A773-F12C84ECCF76}.Debug|Any CPU.ActiveCfg = Debug|Any CPU
		{0C61B0BA-C09F-4321-A773-F12C84ECCF76}.Debug|Any CPU.Build.0 = Debug|Any CPU
		{0C61B0BA-C09F-4321-A773-F12C84ECCF76}.Release|Any CPU.ActiveCfg = Release|Any CPU
		{0C61B0BA-C09F-4321-A773-F12C84ECCF76}.Release|Any CPU.Build.0 = Release|Any CPU
	EndGlobalSection
	GlobalSection(SolutionProperties) = preSolution
		HideSolutionNode = FALSE
	EndGlobalSection
	GlobalSection(ExtensibilityGlobals) = postSolution
		SolutionGuid = {85557132-2132-4728-9F8F-77C16DD4B492}
	EndGlobalSection
EndGlobal
